// !$*UTF8*$!
{
	archiveVersion = 1;
	classes = {
	};
	objectVersion = 50;
	objects = {

/* Begin PBXBuildFile section */
		D04B4F6A26B314F600CF7550 /* AppDelegate.swift in Sources */ = {isa = PBXBuildFile; fileRef = D04B4F6926B314F600CF7550 /* AppDelegate.swift */; };
		D04B4F6C26B314F600CF7550 /* SceneDelegate.swift in Sources */ = {isa = PBXBuildFile; fileRef = D04B4F6B26B314F600CF7550 /* SceneDelegate.swift */; };
		D04B4F6E26B314F600CF7550 /* ViewController.swift in Sources */ = {isa = PBXBuildFile; fileRef = D04B4F6D26B314F600CF7550 /* ViewController.swift */; };
		D04B4F7126B314F600CF7550 /* Main.storyboard in Resources */ = {isa = PBXBuildFile; fileRef = D04B4F6F26B314F600CF7550 /* Main.storyboard */; };
		D04B4F7326B314F900CF7550 /* Assets.xcassets in Resources */ = {isa = PBXBuildFile; fileRef = D04B4F7226B314F900CF7550 /* Assets.xcassets */; };
		D04B4F7626B314F900CF7550 /* LaunchScreen.storyboard in Resources */ = {isa = PBXBuildFile; fileRef = D04B4F7426B314F900CF7550 /* LaunchScreen.storyboard */; };
		D04B4F8026B315BB00CF7550 /* ControlElement.swift in Sources */ = {isa = PBXBuildFile; fileRef = D04B4F7F26B315BB00CF7550 /* ControlElement.swift */; };
		D04B4F8326B31A9B00CF7550 /* StackButton.swift in Sources */ = {isa = PBXBuildFile; fileRef = D04B4F8226B31A9B00CF7550 /* StackButton.swift */; };
/* End PBXBuildFile section */

/* Begin PBXFileReference section */
		D04B4F6626B314F600CF7550 /* StackButton.app */ = {isa = PBXFileReference; explicitFileType = wrapper.application; includeInIndex = 0; path = StackButton.app; sourceTree = BUILT_PRODUCTS_DIR; };
		D04B4F6926B314F600CF7550 /* AppDelegate.swift */ = {isa = PBXFileReference; lastKnownFileType = sourcecode.swift; path = AppDelegate.swift; sourceTree = "<group>"; };
		D04B4F6B26B314F600CF7550 /* SceneDelegate.swift */ = {isa = PBXFileReference; lastKnownFileType = sourcecode.swift; path = SceneDelegate.swift; sourceTree = "<group>"; };
		D04B4F6D26B314F600CF7550 /* ViewController.swift */ = {isa = PBXFileReference; lastKnownFileType = sourcecode.swift; path = ViewController.swift; sourceTree = "<group>"; };
		D04B4F7026B314F600CF7550 /* Base */ = {isa = PBXFileReference; lastKnownFileType = file.storyboard; name = Base; path = Base.lproj/Main.storyboard; sourceTree = "<group>"; };
		D04B4F7226B314F900CF7550 /* Assets.xcassets */ = {isa = PBXFileReference; lastKnownFileType = folder.assetcatalog; path = Assets.xcassets; sourceTree = "<group>"; };
		D04B4F7526B314F900CF7550 /* Base */ = {isa = PBXFileReference; lastKnownFileType = file.storyboard; name = Base; path = Base.lproj/LaunchScreen.storyboard; sourceTree = "<group>"; };
		D04B4F7726B314F900CF7550 /* Info.plist */ = {isa = PBXFileReference; lastKnownFileType = text.plist.xml; path = Info.plist; sourceTree = "<group>"; };
		D04B4F7F26B315BB00CF7550 /* ControlElement.swift */ = {isa = PBXFileReference; lastKnownFileType = sourcecode.swift; path = ControlElement.swift; sourceTree = "<group>"; };
		D04B4F8226B31A9B00CF7550 /* StackButton.swift */ = {isa = PBXFileReference; fileEncoding = 4; lastKnownFileType = sourcecode.swift; path = StackButton.swift; sourceTree = "<group>"; };
/* End PBXFileReference section */

/* Begin PBXFrameworksBuildPhase section */
		D04B4F6326B314F600CF7550 /* Frameworks */ = {
			isa = PBXFrameworksBuildPhase;
			buildActionMask = 2147483647;
			files = (
			);
			runOnlyForDeploymentPostprocessing = 0;
		};
/* End PBXFrameworksBuildPhase section */

/* Begin PBXGroup section */
		D04B4F5D26B314F600CF7550 = {
			isa = PBXGroup;
			children = (
				D04B4F6826B314F600CF7550 /* StackButton */,
				D04B4F6726B314F600CF7550 /* Products */,
			);
			sourceTree = "<group>";
		};
		D04B4F6726B314F600CF7550 /* Products */ = {
			isa = PBXGroup;
			children = (
				D04B4F6626B314F600CF7550 /* StackButton.app */,
			);
			name = Products;
			sourceTree = "<group>";
		};
		D04B4F6826B314F600CF7550 /* StackButton */ = {
			isa = PBXGroup;
			children = (
				D04B4F8126B31A9B00CF7550 /* Source */,
				D04B4F6926B314F600CF7550 /* AppDelegate.swift */,
				D04B4F6B26B314F600CF7550 /* SceneDelegate.swift */,
				D04B4F6D26B314F600CF7550 /* ViewController.swift */,
				D04B4F6F26B314F600CF7550 /* Main.storyboard */,
				D04B4F7226B314F900CF7550 /* Assets.xcassets */,
				D04B4F7426B314F900CF7550 /* LaunchScreen.storyboard */,
				D04B4F7726B314F900CF7550 /* Info.plist */,
			);
			path = StackButton;
			sourceTree = "<group>";
		};
		D04B4F8126B31A9B00CF7550 /* Source */ = {
			isa = PBXGroup;
			children = (
				D04B4F8226B31A9B00CF7550 /* StackButton.swift */,
				D04B4F7F26B315BB00CF7550 /* ControlElement.swift */,
			);
			path = Source;
			sourceTree = "<group>";
		};
/* End PBXGroup section */

/* Begin PBXNativeTarget section */
		D04B4F6526B314F600CF7550 /* StackButton */ = {
			isa = PBXNativeTarget;
			buildConfigurationList = D04B4F7A26B314F900CF7550 /* Build configuration list for PBXNativeTarget "StackButton" */;
			buildPhases = (
				D04B4F6226B314F600CF7550 /* Sources */,
				D04B4F6326B314F600CF7550 /* Frameworks */,
				D04B4F6426B314F600CF7550 /* Resources */,
			);
			buildRules = (
			);
			dependencies = (
			);
			name = StackButton;
			productName = StackButton;
			productReference = D04B4F6626B314F600CF7550 /* StackButton.app */;
			productType = "com.apple.product-type.application";
		};
/* End PBXNativeTarget section */

/* Begin PBXProject section */
		D04B4F5E26B314F600CF7550 /* Project object */ = {
			isa = PBXProject;
			attributes = {
				LastSwiftUpdateCheck = 1250;
				LastUpgradeCheck = 1250;
				TargetAttributes = {
					D04B4F6526B314F600CF7550 = {
						CreatedOnToolsVersion = 12.5.1;
					};
				};
			};
			buildConfigurationList = D04B4F6126B314F600CF7550 /* Build configuration list for PBXProject "StackButton" */;
			compatibilityVersion = "Xcode 9.3";
			developmentRegion = en;
			hasScannedForEncodings = 0;
			knownRegions = (
				en,
				Base,
			);
			mainGroup = D04B4F5D26B314F600CF7550;
			productRefGroup = D04B4F6726B314F600CF7550 /* Products */;
			projectDirPath = "";
			projectRoot = "";
			targets = (
				D04B4F6526B314F600CF7550 /* StackButton */,
			);
		};
/* End PBXProject section */

/* Begin PBXResourcesBuildPhase section */
		D04B4F6426B314F600CF7550 /* Resources */ = {
			isa = PBXResourcesBuildPhase;
			buildActionMask = 2147483647;
			files = (
				D04B4F7626B314F900CF7550 /* LaunchScreen.storyboard in Resources */,
				D04B4F7326B314F900CF7550 /* Assets.xcassets in Resources */,
				D04B4F7126B314F600CF7550 /* Main.storyboard in Resources */,
			);
			runOnlyForDeploymentPostprocessing = 0;
		};
/* End PBXResourcesBuildPhase section */

/* Begin PBXSourcesBuildPhase section */
		D04B4F6226B314F600CF7550 /* Sources */ = {
			isa = PBXSourcesBuildPhase;
			buildActionMask = 2147483647;
			files = (
				D04B4F6E26B314F600CF7550 /* ViewController.swift in Sources */,
				D04B4F6A26B314F600CF7550 /* AppDelegate.swift in Sources */,
				D04B4F8326B31A9B00CF7550 /* StackButton.swift in Sources */,
				D04B4F6C26B314F600CF7550 /* SceneDelegate.swift in Sources */,
				D04B4F8026B315BB00CF7550 /* ControlElement.swift in Sources */,
			);
			runOnlyForDeploymentPostprocessing = 0;
		};
/* End PBXSourcesBuildPhase section */

/* Begin PBXVariantGroup section */
		D04B4F6F26B314F600CF7550 /* Main.storyboard */ = {
			isa = PBXVariantGroup;
			children = (
				D04B4F7026B314F600CF7550 /* Base */,
			);
			name = Main.storyboard;
			sourceTree = "<group>";
		};
		D04B4F7426B314F900CF7550 /* LaunchScreen.storyboard */ = {
			isa = PBXVariantGroup;
			children = (
				D04B4F7526B314F900CF7550 /* Base */,
			);
			name = LaunchScreen.storyboard;
			sourceTree = "<group>";
		};
/* End PBXVariantGroup section */

/* Begin XCBuildConfiguration section */
		D04B4F7826B314F900CF7550 /* Debug */ = {
			isa = XCBuildConfiguration;
			buildSettings = {
				ALWAYS_SEARCH_USER_PATHS = NO;
				CLANG_ANALYZER_NONNULL = YES;
				CLANG_ANALYZER_NUMBER_OBJECT_CONVERSION = YES_AGGRESSIVE;
				CLANG_CXX_LANGUAGE_STANDARD = "gnu++14";
				CLANG_CXX_LIBRARY = "libc++";
				CLANG_ENABLE_MODULES = YES;
				CLANG_ENABLE_OBJC_ARC = YES;
				CLANG_ENABLE_OBJC_WEAK = YES;
				CLANG_WARN_BLOCK_CAPTURE_AUTORELEASING = YES;
				CLANG_WARN_BOOL_CONVERSION = YES;
				CLANG_WARN_COMMA = YES;
				CLANG_WARN_CONSTANT_CONVERSION = YES;
				CLANG_WARN_DEPRECATED_OBJC_IMPLEMENTATIONS = YES;
				CLANG_WARN_DIRECT_OBJC_ISA_USAGE = YES_ERROR;
				CLANG_WARN_DOCUMENTATION_COMMENTS = YES;
				CLANG_WARN_EMPTY_BODY = YES;
				CLANG_WARN_ENUM_CONVERSION = YES;
				CLANG_WARN_INFINITE_RECURSION = YES;
				CLANG_WARN_INT_CONVERSION = YES;
				CLANG_WARN_NON_LITERAL_NULL_CONVERSION = YES;
				CLANG_WARN_OBJC_IMPLICIT_RETAIN_SELF = YES;
				CLANG_WARN_OBJC_LITERAL_CONVERSION = YES;
				CLANG_WARN_OBJC_ROOT_CLASS = YES_ERROR;
				CLANG_WARN_QUOTED_INCLUDE_IN_FRAMEWORK_HEADER = YES;
				CLANG_WARN_RANGE_LOOP_ANALYSIS = YES;
				CLANG_WARN_STRICT_PROTOTYPES = YES;
				CLANG_WARN_SUSPICIOUS_MOVE = YES;
				CLANG_WARN_UNGUARDED_AVAILABILITY = YES_AGGRESSIVE;
				CLANG_WARN_UNREACHABLE_CODE = YES;
				CLANG_WARN__DUPLICATE_METHOD_MATCH = YES;
				COPY_PHASE_STRIP = NO;
				DEBUG_INFORMATION_FORMAT = dwarf;
				ENABLE_STRICT_OBJC_MSGSEND = YES;
				ENABLE_TESTABILITY = YES;
				GCC_C_LANGUAGE_STANDARD = gnu11;
				GCC_DYNAMIC_NO_PIC = NO;
				GCC_NO_COMMON_BLOCKS = YES;
				GCC_OPTIMIZATION_LEVEL = 0;
				GCC_PREPROCESSOR_DEFINITIONS = (
					"DEBUG=1",
					"$(inherited)",
				);
				GCC_WARN_64_TO_32_BIT_CONVERSION = YES;
				GCC_WARN_ABOUT_RETURN_TYPE = YES_ERROR;
				GCC_WARN_UNDECLARED_SELECTOR = YES;
				GCC_WARN_UNINITIALIZED_AUTOS = YES_AGGRESSIVE;
				GCC_WARN_UNUSED_FUNCTION = YES;
				GCC_WARN_UNUSED_VARIABLE = YES;
				IPHONEOS_DEPLOYMENT_TARGET = 14.5;
				MTL_ENABLE_DEBUG_INFO = INCLUDE_SOURCE;
				MTL_FAST_MATH = YES;
				ONLY_ACTIVE_ARCH = YES;
				SDKROOT = iphoneos;
				SWIFT_ACTIVE_COMPILATION_CONDITIONS = DEBUG;
				SWIFT_OPTIMIZATION_LEVEL = "-Onone";
			};
			name = Debug;
		};
		D04B4F7926B314F900CF7550 /* Release */ = {
			isa = XCBuildConfiguration;
			buildSettings = {
				ALWAYS_SEARCH_USER_PATHS = NO;
				CLANG_ANALYZER_NONNULL = YES;
				CLANG_ANALYZER_NUMBER_OBJECT_CONVERSION = YES_AGGRESSIVE;
				CLANG_CXX_LANGUAGE_STANDARD = "gnu++14";
				CLANG_CXX_LIBRARY = "libc++";
				CLANG_ENABLE_MODULES = YES;
				CLANG_ENABLE_OBJC_ARC = YES;
				CLANG_ENABLE_OBJC_WEAK = YES;
				CLANG_WARN_BLOCK_CAPTURE_AUTORELEASING = YES;
				CLANG_WARN_BOOL_CONVERSION = YES;
				CLANG_WARN_COMMA = YES;
				CLANG_WARN_CONSTANT_CONVERSION = YES;
				CLANG_WARN_DEPRECATED_OBJC_IMPLEMENTATIONS = YES;
				CLANG_WARN_DIRECT_OBJC_ISA_USAGE = YES_ERROR;
				CLANG_WARN_DOCUMENTATION_COMMENTS = YES;
				CLANG_WARN_EMPTY_BODY = YES;
				CLANG_WARN_ENUM_CONVERSION = YES;
				CLANG_WARN_INFINITE_RECURSION = YES;
				CLANG_WARN_INT_CONVERSION = YES;
				CLANG_WARN_NON_LITERAL_NULL_CONVERSION = YES;
				CLANG_WARN_OBJC_IMPLICIT_RETAIN_SELF = YES;
				CLANG_WARN_OBJC_LITERAL_CONVERSION = YES;
				CLANG_WARN_OBJC_ROOT_CLASS = YES_ERROR;
				CLANG_WARN_QUOTED_INCLUDE_IN_FRAMEWORK_HEADER = YES;
				CLANG_WARN_RANGE_LOOP_ANALYSIS = YES;
				CLANG_WARN_STRICT_PROTOTYPES = YES;
				CLANG_WARN_SUSPICIOUS_MOVE = YES;
				CLANG_WARN_UNGUARDED_AVAILABILITY = YES_AGGRESSIVE;
				CLANG_WARN_UNREACHABLE_CODE = YES;
				CLANG_WARN__DUPLICATE_METHOD_MATCH = YES;
				COPY_PHASE_STRIP = NO;
				DEBUG_INFORMATION_FORMAT = "dwarf-with-dsym";
				ENABLE_NS_ASSERTIONS = NO;
				ENABLE_STRICT_OBJC_MSGSEND = YES;
				GCC_C_LANGUAGE_STANDARD = gnu11;
				GCC_NO_COMMON_BLOCKS = YES;
				GCC_WARN_64_TO_32_BIT_CONVERSION = YES;
				GCC_WARN_ABOUT_RETURN_TYPE = YES_ERROR;
				GCC_WARN_UNDECLARED_SELECTOR = YES;
				GCC_WARN_UNINITIALIZED_AUTOS = YES_AGGRESSIVE;
				GCC_WARN_UNUSED_FUNCTION = YES;
				GCC_WARN_UNUSED_VARIABLE = YES;
				IPHONEOS_DEPLOYMENT_TARGET = 14.5;
				MTL_ENABLE_DEBUG_INFO = NO;
				MTL_FAST_MATH = YES;
				SDKROOT = iphoneos;
				SWIFT_COMPILATION_MODE = wholemodule;
				SWIFT_OPTIMIZATION_LEVEL = "-O";
				VALIDATE_PRODUCT = YES;
			};
			name = Release;
		};
		D04B4F7B26B314F900CF7550 /* Debug */ = {
			isa = XCBuildConfiguration;
			buildSettings = {
				ASSETCATALOG_COMPILER_APPICON_NAME = AppIcon;
				ASSETCATALOG_COMPILER_GLOBAL_ACCENT_COLOR_NAME = AccentColor;
				CODE_SIGN_STYLE = Automatic;
				DEVELOPMENT_TEAM = F4N226DG5U;
				INFOPLIST_FILE = StackButton/Info.plist;
				IPHONEOS_DEPLOYMENT_TARGET = 13.0;
				LD_RUNPATH_SEARCH_PATHS = (
					"$(inherited)",
					"@executable_path/Frameworks",
				);
				PRODUCT_BUNDLE_IDENTIFIER = com.objc.StackButton;
				PRODUCT_NAME = "$(TARGET_NAME)";
				SWIFT_VERSION = 5.0;
				TARGETED_DEVICE_FAMILY = "1,2";
			};
			name = Debug;
		};
		D04B4F7C26B314F900CF7550 /* Release */ = {
			isa = XCBuildConfiguration;
			buildSettings = {
				ASSETCATALOG_COMPILER_APPICON_NAME = AppIcon;
				ASSETCATALOG_COMPILER_GLOBAL_ACCENT_COLOR_NAME = AccentColor;
				CODE_SIGN_STYLE = Automatic;
				DEVELOPMENT_TEAM = F4N226DG5U;
				INFOPLIST_FILE = StackButton/Info.plist;
				IPHONEOS_DEPLOYMENT_TARGET = 13.0;
				LD_RUNPATH_SEARCH_PATHS = (
					"$(inherited)",
					"@executable_path/Frameworks",
				);
				PRODUCT_BUNDLE_IDENTIFIER = com.objc.StackButton;
				PRODUCT_NAME = "$(TARGET_NAME)";
				SWIFT_VERSION = 5.0;
				TARGETED_DEVICE_FAMILY = "1,2";
			};
			name = Release;
		};
/* End XCBuildConfiguration section */

/* Begin XCConfigurationList section */
		D04B4F6126B314F600CF7550 /* Build configuration list for PBXProject "StackButton" */ = {
			isa = XCConfigurationList;
			buildConfigurations = (
				D04B4F7826B314F900CF7550 /* Debug */,
				D04B4F7926B314F900CF7550 /* Release */,
			);
			defaultConfigurationIsVisible = 0;
			defaultConfigurationName = Release;
		};
		D04B4F7A26B314F900CF7550 /* Build configuration list for PBXNativeTarget "StackButton" */ = {
			isa = XCConfigurationList;
			buildConfigurations = (
				D04B4F7B26B314F900CF7550 /* Debug */,
				D04B4F7C26B314F900CF7550 /* Release */,
			);
			defaultConfigurationIsVisible = 0;
			defaultConfigurationName = Release;
		};
/* End XCConfigurationList section */
	};
	rootObject = D04B4F5E26B314F600CF7550 /* Project object */;
}
